// !$*UTF8*$!
{
	archiveVersion = 1;
	classes = {
	};
	objectVersion = 50;
	objects = {

/* Begin PBXBuildFile section */
		FAEE18E921061636001F1F32 /* AppDelegate.swift in Sources */ = {isa = PBXBuildFile; fileRef = FAEE18E821061636001F1F32 /* AppDelegate.swift */; };
		FAEE18EB21061636001F1F32 /* LoginViewController.swift in Sources */ = {isa = PBXBuildFile; fileRef = FAEE18EA21061636001F1F32 /* LoginViewController.swift */; };
		FAEE18F021061639001F1F32 /* Assets.xcassets in Resources */ = {isa = PBXBuildFile; fileRef = FAEE18EF21061639001F1F32 /* Assets.xcassets */; };
		FAEE18F321061639001F1F32 /* LaunchScreen.storyboard in Resources */ = {isa = PBXBuildFile; fileRef = FAEE18F121061639001F1F32 /* LaunchScreen.storyboard */; };
		FAEE18FE21061639001F1F32 /* BioSignaturesTests.swift in Sources */ = {isa = PBXBuildFile; fileRef = FAEE18FD21061639001F1F32 /* BioSignaturesTests.swift */; };
		FAEE190921061639001F1F32 /* BioSignaturesUITests.swift in Sources */ = {isa = PBXBuildFile; fileRef = FAEE190821061639001F1F32 /* BioSignaturesUITests.swift */; };
		FAEE192021062F2E001F1F32 /* D913ADFB-E83A-3DE1-B44B-3BBCD0DE3EB3.bcsymbolmap in Resources */ = {isa = PBXBuildFile; fileRef = FAEE191B21062F2D001F1F32 /* D913ADFB-E83A-3DE1-B44B-3BBCD0DE3EB3.bcsymbolmap */; };
		FAEE192121062F2E001F1F32 /* Motion.framework in Frameworks */ = {isa = PBXBuildFile; fileRef = FAEE191C21062F2D001F1F32 /* Motion.framework */; };
		FAEE192221062F2E001F1F32 /* Material.framework in Frameworks */ = {isa = PBXBuildFile; fileRef = FAEE191D21062F2D001F1F32 /* Material.framework */; };
		FAEE192321062F2E001F1F32 /* SnapKit.framework in Frameworks */ = {isa = PBXBuildFile; fileRef = FAEE191E21062F2D001F1F32 /* SnapKit.framework */; };
		FAEE192421062F2E001F1F32 /* Swinject.framework in Frameworks */ = {isa = PBXBuildFile; fileRef = FAEE191F21062F2D001F1F32 /* Swinject.framework */; };
		FAEE192D210630FA001F1F32 /* LoginRouter.swift in Sources */ = {isa = PBXBuildFile; fileRef = FAEE192C210630FA001F1F32 /* LoginRouter.swift */; };
		FAEE192F210631B2001F1F32 /* LoginContract.swift in Sources */ = {isa = PBXBuildFile; fileRef = FAEE192E210631B2001F1F32 /* LoginContract.swift */; };
		FAEE193221063256001F1F32 /* LoginAssembly.swift in Sources */ = {isa = PBXBuildFile; fileRef = FAEE193121063256001F1F32 /* LoginAssembly.swift */; };
		FAEE1934210632AB001F1F32 /* LoginPresenter.swift in Sources */ = {isa = PBXBuildFile; fileRef = FAEE1933210632AB001F1F32 /* LoginPresenter.swift */; };
		FAEE193621063363001F1F32 /* LoginInteractor.swift in Sources */ = {isa = PBXBuildFile; fileRef = FAEE193521063363001F1F32 /* LoginInteractor.swift */; };
/* End PBXBuildFile section */

/* Begin PBXContainerItemProxy section */
		FAEE18FA21061639001F1F32 /* PBXContainerItemProxy */ = {
			isa = PBXContainerItemProxy;
			containerPortal = FAEE18DD21061636001F1F32 /* Project object */;
			proxyType = 1;
			remoteGlobalIDString = FAEE18E421061636001F1F32;
			remoteInfo = BioSignatures;
		};
		FAEE190521061639001F1F32 /* PBXContainerItemProxy */ = {
			isa = PBXContainerItemProxy;
			containerPortal = FAEE18DD21061636001F1F32 /* Project object */;
			proxyType = 1;
			remoteGlobalIDString = FAEE18E421061636001F1F32;
			remoteInfo = BioSignatures;
		};
/* End PBXContainerItemProxy section */

/* Begin PBXFileReference section */
		FAEE18E521061636001F1F32 /* BioSignatures.app */ = {isa = PBXFileReference; explicitFileType = wrapper.application; includeInIndex = 0; path = BioSignatures.app; sourceTree = BUILT_PRODUCTS_DIR; };
		FAEE18E821061636001F1F32 /* AppDelegate.swift */ = {isa = PBXFileReference; lastKnownFileType = sourcecode.swift; path = AppDelegate.swift; sourceTree = "<group>"; };
		FAEE18EA21061636001F1F32 /* LoginViewController.swift */ = {isa = PBXFileReference; lastKnownFileType = sourcecode.swift; path = LoginViewController.swift; sourceTree = "<group>"; };
		FAEE18EF21061639001F1F32 /* Assets.xcassets */ = {isa = PBXFileReference; lastKnownFileType = folder.assetcatalog; path = Assets.xcassets; sourceTree = "<group>"; };
		FAEE18F221061639001F1F32 /* Base */ = {isa = PBXFileReference; lastKnownFileType = file.storyboard; name = Base; path = Base.lproj/LaunchScreen.storyboard; sourceTree = "<group>"; };
		FAEE18F421061639001F1F32 /* Info.plist */ = {isa = PBXFileReference; lastKnownFileType = text.plist.xml; path = Info.plist; sourceTree = "<group>"; };
		FAEE18F921061639001F1F32 /* BioSignaturesTests.xctest */ = {isa = PBXFileReference; explicitFileType = wrapper.cfbundle; includeInIndex = 0; path = BioSignaturesTests.xctest; sourceTree = BUILT_PRODUCTS_DIR; };
		FAEE18FD21061639001F1F32 /* BioSignaturesTests.swift */ = {isa = PBXFileReference; lastKnownFileType = sourcecode.swift; path = BioSignaturesTests.swift; sourceTree = "<group>"; };
		FAEE18FF21061639001F1F32 /* Info.plist */ = {isa = PBXFileReference; lastKnownFileType = text.plist.xml; path = Info.plist; sourceTree = "<group>"; };
		FAEE190421061639001F1F32 /* BioSignaturesUITests.xctest */ = {isa = PBXFileReference; explicitFileType = wrapper.cfbundle; includeInIndex = 0; path = BioSignaturesUITests.xctest; sourceTree = BUILT_PRODUCTS_DIR; };
		FAEE190821061639001F1F32 /* BioSignaturesUITests.swift */ = {isa = PBXFileReference; lastKnownFileType = sourcecode.swift; path = BioSignaturesUITests.swift; sourceTree = "<group>"; };
		FAEE190A21061639001F1F32 /* Info.plist */ = {isa = PBXFileReference; lastKnownFileType = text.plist.xml; path = Info.plist; sourceTree = "<group>"; };
		FAEE191B21062F2D001F1F32 /* D913ADFB-E83A-3DE1-B44B-3BBCD0DE3EB3.bcsymbolmap */ = {isa = PBXFileReference; fileEncoding = 4; lastKnownFileType = text; name = "D913ADFB-E83A-3DE1-B44B-3BBCD0DE3EB3.bcsymbolmap"; path = "Carthage/Build/iOS/D913ADFB-E83A-3DE1-B44B-3BBCD0DE3EB3.bcsymbolmap"; sourceTree = SOURCE_ROOT; };
		FAEE191C21062F2D001F1F32 /* Motion.framework */ = {isa = PBXFileReference; lastKnownFileType = wrapper.framework; name = Motion.framework; path = Carthage/Build/iOS/Motion.framework; sourceTree = SOURCE_ROOT; };
		FAEE191D21062F2D001F1F32 /* Material.framework */ = {isa = PBXFileReference; lastKnownFileType = wrapper.framework; name = Material.framework; path = Carthage/Build/iOS/Material.framework; sourceTree = SOURCE_ROOT; };
		FAEE191E21062F2D001F1F32 /* SnapKit.framework */ = {isa = PBXFileReference; lastKnownFileType = wrapper.framework; name = SnapKit.framework; path = Carthage/Build/iOS/SnapKit.framework; sourceTree = SOURCE_ROOT; };
		FAEE191F21062F2D001F1F32 /* Swinject.framework */ = {isa = PBXFileReference; lastKnownFileType = wrapper.framework; name = Swinject.framework; path = Carthage/Build/iOS/Swinject.framework; sourceTree = SOURCE_ROOT; };
		FAEE192C210630FA001F1F32 /* LoginRouter.swift */ = {isa = PBXFileReference; lastKnownFileType = sourcecode.swift; path = LoginRouter.swift; sourceTree = "<group>"; };
		FAEE192E210631B2001F1F32 /* LoginContract.swift */ = {isa = PBXFileReference; lastKnownFileType = sourcecode.swift; path = LoginContract.swift; sourceTree = "<group>"; };
		FAEE193121063256001F1F32 /* LoginAssembly.swift */ = {isa = PBXFileReference; lastKnownFileType = sourcecode.swift; path = LoginAssembly.swift; sourceTree = "<group>"; };
		FAEE1933210632AB001F1F32 /* LoginPresenter.swift */ = {isa = PBXFileReference; lastKnownFileType = sourcecode.swift; path = LoginPresenter.swift; sourceTree = "<group>"; };
		FAEE193521063363001F1F32 /* LoginInteractor.swift */ = {isa = PBXFileReference; lastKnownFileType = sourcecode.swift; path = LoginInteractor.swift; sourceTree = "<group>"; };
/* End PBXFileReference section */

/* Begin PBXFrameworksBuildPhase section */
		FAEE18E221061636001F1F32 /* Frameworks */ = {
			isa = PBXFrameworksBuildPhase;
			buildActionMask = 2147483647;
			files = (
				FAEE192321062F2E001F1F32 /* SnapKit.framework in Frameworks */,
				FAEE192421062F2E001F1F32 /* Swinject.framework in Frameworks */,
				FAEE192121062F2E001F1F32 /* Motion.framework in Frameworks */,
				FAEE192221062F2E001F1F32 /* Material.framework in Frameworks */,
			);
			runOnlyForDeploymentPostprocessing = 0;
		};
		FAEE18F621061639001F1F32 /* Frameworks */ = {
			isa = PBXFrameworksBuildPhase;
			buildActionMask = 2147483647;
			files = (
			);
			runOnlyForDeploymentPostprocessing = 0;
		};
		FAEE190121061639001F1F32 /* Frameworks */ = {
			isa = PBXFrameworksBuildPhase;
			buildActionMask = 2147483647;
			files = (
			);
			runOnlyForDeploymentPostprocessing = 0;
		};
/* End PBXFrameworksBuildPhase section */

/* Begin PBXGroup section */
		FAEE18DC21061636001F1F32 = {
			isa = PBXGroup;
			children = (
				FAEE18E721061636001F1F32 /* BioSignatures */,
				FAEE18FC21061639001F1F32 /* BioSignaturesTests */,
				FAEE190721061639001F1F32 /* BioSignaturesUITests */,
				FAEE18E621061636001F1F32 /* Products */,
				FAEE191A21062F07001F1F32 /* Frameworks */,
			);
			sourceTree = "<group>";
		};
		FAEE18E621061636001F1F32 /* Products */ = {
			isa = PBXGroup;
			children = (
				FAEE18E521061636001F1F32 /* BioSignatures.app */,
				FAEE18F921061639001F1F32 /* BioSignaturesTests.xctest */,
				FAEE190421061639001F1F32 /* BioSignaturesUITests.xctest */,
			);
			name = Products;
			sourceTree = "<group>";
		};
		FAEE18E721061636001F1F32 /* BioSignatures */ = {
			isa = PBXGroup;
			children = (
				FAEE191921062D9C001F1F32 /* DocumentDetail */,
				FAEE191821062D93001F1F32 /* DocumentList */,
				FAEE191721062D8E001F1F32 /* Signature */,
				FAEE191621062D86001F1F32 /* Login */,
				FAEE18E821061636001F1F32 /* AppDelegate.swift */,
				FAEE18EF21061639001F1F32 /* Assets.xcassets */,
				FAEE18F121061639001F1F32 /* LaunchScreen.storyboard */,
				FAEE18F421061639001F1F32 /* Info.plist */,
			);
			path = BioSignatures;
			sourceTree = "<group>";
		};
		FAEE18FC21061639001F1F32 /* BioSignaturesTests */ = {
			isa = PBXGroup;
			children = (
				FAEE18FD21061639001F1F32 /* BioSignaturesTests.swift */,
				FAEE18FF21061639001F1F32 /* Info.plist */,
			);
			path = BioSignaturesTests;
			sourceTree = "<group>";
		};
		FAEE190721061639001F1F32 /* BioSignaturesUITests */ = {
			isa = PBXGroup;
			children = (
				FAEE190821061639001F1F32 /* BioSignaturesUITests.swift */,
				FAEE190A21061639001F1F32 /* Info.plist */,
			);
			path = BioSignaturesUITests;
			sourceTree = "<group>";
		};
		FAEE191621062D86001F1F32 /* Login */ = {
			isa = PBXGroup;
			children = (
				FAEE193021063248001F1F32 /* Assembly */,
				FAEE1929210630CA001F1F32 /* Contract */,
				FAEE1928210630C5001F1F32 /* Entity */,
				FAEE192A210630D0001F1F32 /* Interactor */,
				FAEE192B210630DB001F1F32 /* Presenter */,
				FAEE1927210630C0001F1F32 /* Router */,
				FAEE1926210630B8001F1F32 /* View */,
			);
			path = Login;
			sourceTree = "<group>";
		};
		FAEE191721062D8E001F1F32 /* Signature */ = {
			isa = PBXGroup;
			children = (
			);
			path = Signature;
			sourceTree = "<group>";
		};
		FAEE191821062D93001F1F32 /* DocumentList */ = {
			isa = PBXGroup;
			children = (
			);
			path = DocumentList;
			sourceTree = "<group>";
		};
		FAEE191921062D9C001F1F32 /* DocumentDetail */ = {
			isa = PBXGroup;
			children = (
			);
			path = DocumentDetail;
			sourceTree = "<group>";
		};
		FAEE191A21062F07001F1F32 /* Frameworks */ = {
			isa = PBXGroup;
			children = (
				FAEE191B21062F2D001F1F32 /* D913ADFB-E83A-3DE1-B44B-3BBCD0DE3EB3.bcsymbolmap */,
				FAEE191D21062F2D001F1F32 /* Material.framework */,
				FAEE191C21062F2D001F1F32 /* Motion.framework */,
				FAEE191E21062F2D001F1F32 /* SnapKit.framework */,
				FAEE191F21062F2D001F1F32 /* Swinject.framework */,
			);
			path = Frameworks;
			sourceTree = "<group>";
		};
		FAEE1926210630B8001F1F32 /* View */ = {
			isa = PBXGroup;
			children = (
				FAEE18EA21061636001F1F32 /* LoginViewController.swift */,
			);
			path = View;
			sourceTree = "<group>";
		};
		FAEE1927210630C0001F1F32 /* Router */ = {
			isa = PBXGroup;
			children = (
				FAEE192C210630FA001F1F32 /* LoginRouter.swift */,
			);
			path = Router;
			sourceTree = "<group>";
		};
		FAEE1928210630C5001F1F32 /* Entity */ = {
			isa = PBXGroup;
			children = (
			);
			path = Entity;
			sourceTree = "<group>";
		};
		FAEE1929210630CA001F1F32 /* Contract */ = {
			isa = PBXGroup;
			children = (
				FAEE192E210631B2001F1F32 /* LoginContract.swift */,
			);
			name = Contract;
			sourceTree = "<group>";
		};
		FAEE192A210630D0001F1F32 /* Interactor */ = {
			isa = PBXGroup;
			children = (
				FAEE193521063363001F1F32 /* LoginInteractor.swift */,
			);
			path = Interactor;
			sourceTree = "<group>";
		};
		FAEE192B210630DB001F1F32 /* Presenter */ = {
			isa = PBXGroup;
			children = (
				FAEE1933210632AB001F1F32 /* LoginPresenter.swift */,
			);
			path = Presenter;
			sourceTree = "<group>";
		};
		FAEE193021063248001F1F32 /* Assembly */ = {
			isa = PBXGroup;
			children = (
				FAEE193121063256001F1F32 /* LoginAssembly.swift */,
			);
			path = Assembly;
			sourceTree = "<group>";
		};
/* End PBXGroup section */

/* Begin PBXNativeTarget section */
		FAEE18E421061636001F1F32 /* BioSignatures */ = {
			isa = PBXNativeTarget;
			buildConfigurationList = FAEE190D21061639001F1F32 /* Build configuration list for PBXNativeTarget "BioSignatures" */;
			buildPhases = (
				FAEE18E121061636001F1F32 /* Sources */,
				FAEE18E221061636001F1F32 /* Frameworks */,
				FAEE18E321061636001F1F32 /* Resources */,
				FAEE192521062F75001F1F32 /* ShellScript */,
			);
			buildRules = (
			);
			dependencies = (
			);
			name = BioSignatures;
			productName = BioSignatures;
			productReference = FAEE18E521061636001F1F32 /* BioSignatures.app */;
			productType = "com.apple.product-type.application";
		};
		FAEE18F821061639001F1F32 /* BioSignaturesTests */ = {
			isa = PBXNativeTarget;
			buildConfigurationList = FAEE191021061639001F1F32 /* Build configuration list for PBXNativeTarget "BioSignaturesTests" */;
			buildPhases = (
				FAEE18F521061639001F1F32 /* Sources */,
				FAEE18F621061639001F1F32 /* Frameworks */,
				FAEE18F721061639001F1F32 /* Resources */,
			);
			buildRules = (
			);
			dependencies = (
				FAEE18FB21061639001F1F32 /* PBXTargetDependency */,
			);
			name = BioSignaturesTests;
			productName = BioSignaturesTests;
			productReference = FAEE18F921061639001F1F32 /* BioSignaturesTests.xctest */;
			productType = "com.apple.product-type.bundle.unit-test";
		};
		FAEE190321061639001F1F32 /* BioSignaturesUITests */ = {
			isa = PBXNativeTarget;
			buildConfigurationList = FAEE191321061639001F1F32 /* Build configuration list for PBXNativeTarget "BioSignaturesUITests" */;
			buildPhases = (
				FAEE190021061639001F1F32 /* Sources */,
				FAEE190121061639001F1F32 /* Frameworks */,
				FAEE190221061639001F1F32 /* Resources */,
			);
			buildRules = (
			);
			dependencies = (
				FAEE190621061639001F1F32 /* PBXTargetDependency */,
			);
			name = BioSignaturesUITests;
			productName = BioSignaturesUITests;
			productReference = FAEE190421061639001F1F32 /* BioSignaturesUITests.xctest */;
			productType = "com.apple.product-type.bundle.ui-testing";
		};
/* End PBXNativeTarget section */

/* Begin PBXProject section */
		FAEE18DD21061636001F1F32 /* Project object */ = {
			isa = PBXProject;
			attributes = {
				LastSwiftUpdateCheck = 0940;
				LastUpgradeCheck = 0940;
				ORGANIZATIONNAME = "Team Bio";
				TargetAttributes = {
					FAEE18E421061636001F1F32 = {
						CreatedOnToolsVersion = 9.4.1;
					};
					FAEE18F821061639001F1F32 = {
						CreatedOnToolsVersion = 9.4.1;
						TestTargetID = FAEE18E421061636001F1F32;
					};
					FAEE190321061639001F1F32 = {
						CreatedOnToolsVersion = 9.4.1;
						TestTargetID = FAEE18E421061636001F1F32;
					};
				};
			};
			buildConfigurationList = FAEE18E021061636001F1F32 /* Build configuration list for PBXProject "BioSignatures" */;
			compatibilityVersion = "Xcode 9.3";
			developmentRegion = en;
			hasScannedForEncodings = 0;
			knownRegions = (
				en,
				Base,
			);
			mainGroup = FAEE18DC21061636001F1F32;
			productRefGroup = FAEE18E621061636001F1F32 /* Products */;
			projectDirPath = "";
			projectRoot = "";
			targets = (
				FAEE18E421061636001F1F32 /* BioSignatures */,
				FAEE18F821061639001F1F32 /* BioSignaturesTests */,
				FAEE190321061639001F1F32 /* BioSignaturesUITests */,
			);
		};
/* End PBXProject section */

/* Begin PBXResourcesBuildPhase section */
		FAEE18E321061636001F1F32 /* Resources */ = {
			isa = PBXResourcesBuildPhase;
			buildActionMask = 2147483647;
			files = (
				FAEE18F321061639001F1F32 /* LaunchScreen.storyboard in Resources */,
				FAEE192021062F2E001F1F32 /* D913ADFB-E83A-3DE1-B44B-3BBCD0DE3EB3.bcsymbolmap in Resources */,
				FAEE18F021061639001F1F32 /* Assets.xcassets in Resources */,
			);
			runOnlyForDeploymentPostprocessing = 0;
		};
		FAEE18F721061639001F1F32 /* Resources */ = {
			isa = PBXResourcesBuildPhase;
			buildActionMask = 2147483647;
			files = (
			);
			runOnlyForDeploymentPostprocessing = 0;
		};
		FAEE190221061639001F1F32 /* Resources */ = {
			isa = PBXResourcesBuildPhase;
			buildActionMask = 2147483647;
			files = (
			);
			runOnlyForDeploymentPostprocessing = 0;
		};
/* End PBXResourcesBuildPhase section */

/* Begin PBXShellScriptBuildPhase section */
		FAEE192521062F75001F1F32 /* ShellScript */ = {
			isa = PBXShellScriptBuildPhase;
			buildActionMask = 2147483647;
			files = (
			);
			inputPaths = (
				"$(SRCROOT)/Carthage/Build/iOS/SnapKit.framework",
				"$(SRCROOT)/Carthage/Build/iOS/Swinject.framework",
				"$(SRCROOT)/Carthage/Build/iOS/KeychainAccess.framework",
				"$(SRCROOT)/Carthage/Build/iOS/Material.framework",
				"$(SRCROOT)/Carthage/Build/iOS/Motion.framework",
			);
			outputPaths = (
			);
			runOnlyForDeploymentPostprocessing = 0;
			shellPath = /bin/sh;
			shellScript = "/usr/local/bin/carthage copy-frameworks\n";
			showEnvVarsInLog = 0;
		};
/* End PBXShellScriptBuildPhase section */

/* Begin PBXSourcesBuildPhase section */
		FAEE18E121061636001F1F32 /* Sources */ = {
			isa = PBXSourcesBuildPhase;
			buildActionMask = 2147483647;
			files = (
				FAEE1934210632AB001F1F32 /* LoginPresenter.swift in Sources */,
				FAEE18EB21061636001F1F32 /* LoginViewController.swift in Sources */,
				FAEE193621063363001F1F32 /* LoginInteractor.swift in Sources */,
				FAEE193221063256001F1F32 /* LoginAssembly.swift in Sources */,
				FAEE192F210631B2001F1F32 /* LoginContract.swift in Sources */,
				FAEE18E921061636001F1F32 /* AppDelegate.swift in Sources */,
				FAEE192D210630FA001F1F32 /* LoginRouter.swift in Sources */,
			);
			runOnlyForDeploymentPostprocessing = 0;
		};
		FAEE18F521061639001F1F32 /* Sources */ = {
			isa = PBXSourcesBuildPhase;
			buildActionMask = 2147483647;
			files = (
				FAEE18FE21061639001F1F32 /* BioSignaturesTests.swift in Sources */,
			);
			runOnlyForDeploymentPostprocessing = 0;
		};
		FAEE190021061639001F1F32 /* Sources */ = {
			isa = PBXSourcesBuildPhase;
			buildActionMask = 2147483647;
			files = (
				FAEE190921061639001F1F32 /* BioSignaturesUITests.swift in Sources */,
			);
			runOnlyForDeploymentPostprocessing = 0;
		};
/* End PBXSourcesBuildPhase section */

/* Begin PBXTargetDependency section */
		FAEE18FB21061639001F1F32 /* PBXTargetDependency */ = {
			isa = PBXTargetDependency;
			target = FAEE18E421061636001F1F32 /* BioSignatures */;
			targetProxy = FAEE18FA21061639001F1F32 /* PBXContainerItemProxy */;
		};
		FAEE190621061639001F1F32 /* PBXTargetDependency */ = {
			isa = PBXTargetDependency;
			target = FAEE18E421061636001F1F32 /* BioSignatures */;
			targetProxy = FAEE190521061639001F1F32 /* PBXContainerItemProxy */;
		};
/* End PBXTargetDependency section */

/* Begin PBXVariantGroup section */
		FAEE18F121061639001F1F32 /* LaunchScreen.storyboard */ = {
			isa = PBXVariantGroup;
			children = (
				FAEE18F221061639001F1F32 /* Base */,
			);
			name = LaunchScreen.storyboard;
			sourceTree = "<group>";
		};
/* End PBXVariantGroup section */

/* Begin XCBuildConfiguration section */
		FAEE190B21061639001F1F32 /* Debug */ = {
			isa = XCBuildConfiguration;
			buildSettings = {
				ALWAYS_SEARCH_USER_PATHS = NO;
				CLANG_ANALYZER_NONNULL = YES;
				CLANG_ANALYZER_NUMBER_OBJECT_CONVERSION = YES_AGGRESSIVE;
				CLANG_CXX_LANGUAGE_STANDARD = "gnu++14";
				CLANG_CXX_LIBRARY = "libc++";
				CLANG_ENABLE_MODULES = YES;
				CLANG_ENABLE_OBJC_ARC = YES;
				CLANG_ENABLE_OBJC_WEAK = YES;
				CLANG_WARN_BLOCK_CAPTURE_AUTORELEASING = YES;
				CLANG_WARN_BOOL_CONVERSION = YES;
				CLANG_WARN_COMMA = YES;
				CLANG_WARN_CONSTANT_CONVERSION = YES;
				CLANG_WARN_DEPRECATED_OBJC_IMPLEMENTATIONS = YES;
				CLANG_WARN_DIRECT_OBJC_ISA_USAGE = YES_ERROR;
				CLANG_WARN_DOCUMENTATION_COMMENTS = YES;
				CLANG_WARN_EMPTY_BODY = YES;
				CLANG_WARN_ENUM_CONVERSION = YES;
				CLANG_WARN_INFINITE_RECURSION = YES;
				CLANG_WARN_INT_CONVERSION = YES;
				CLANG_WARN_NON_LITERAL_NULL_CONVERSION = YES;
				CLANG_WARN_OBJC_IMPLICIT_RETAIN_SELF = YES;
				CLANG_WARN_OBJC_LITERAL_CONVERSION = YES;
				CLANG_WARN_OBJC_ROOT_CLASS = YES_ERROR;
				CLANG_WARN_RANGE_LOOP_ANALYSIS = YES;
				CLANG_WARN_STRICT_PROTOTYPES = YES;
				CLANG_WARN_SUSPICIOUS_MOVE = YES;
				CLANG_WARN_UNGUARDED_AVAILABILITY = YES_AGGRESSIVE;
				CLANG_WARN_UNREACHABLE_CODE = YES;
				CLANG_WARN__DUPLICATE_METHOD_MATCH = YES;
				CODE_SIGN_IDENTITY = "iPhone Developer";
				COPY_PHASE_STRIP = NO;
				DEBUG_INFORMATION_FORMAT = dwarf;
				ENABLE_STRICT_OBJC_MSGSEND = YES;
				ENABLE_TESTABILITY = YES;
				GCC_C_LANGUAGE_STANDARD = gnu11;
				GCC_DYNAMIC_NO_PIC = NO;
				GCC_NO_COMMON_BLOCKS = YES;
				GCC_OPTIMIZATION_LEVEL = 0;
				GCC_PREPROCESSOR_DEFINITIONS = (
					"DEBUG=1",
					"$(inherited)",
				);
				GCC_WARN_64_TO_32_BIT_CONVERSION = YES;
				GCC_WARN_ABOUT_RETURN_TYPE = YES_ERROR;
				GCC_WARN_UNDECLARED_SELECTOR = YES;
				GCC_WARN_UNINITIALIZED_AUTOS = YES_AGGRESSIVE;
				GCC_WARN_UNUSED_FUNCTION = YES;
				GCC_WARN_UNUSED_VARIABLE = YES;
				IPHONEOS_DEPLOYMENT_TARGET = 11.4;
				MTL_ENABLE_DEBUG_INFO = YES;
				ONLY_ACTIVE_ARCH = YES;
				SDKROOT = iphoneos;
				SWIFT_ACTIVE_COMPILATION_CONDITIONS = DEBUG;
				SWIFT_OPTIMIZATION_LEVEL = "-Onone";
			};
			name = Debug;
		};
		FAEE190C21061639001F1F32 /* Release */ = {
			isa = XCBuildConfiguration;
			buildSettings = {
				ALWAYS_SEARCH_USER_PATHS = NO;
				CLANG_ANALYZER_NONNULL = YES;
				CLANG_ANALYZER_NUMBER_OBJECT_CONVERSION = YES_AGGRESSIVE;
				CLANG_CXX_LANGUAGE_STANDARD = "gnu++14";
				CLANG_CXX_LIBRARY = "libc++";
				CLANG_ENABLE_MODULES = YES;
				CLANG_ENABLE_OBJC_ARC = YES;
				CLANG_ENABLE_OBJC_WEAK = YES;
				CLANG_WARN_BLOCK_CAPTURE_AUTORELEASING = YES;
				CLANG_WARN_BOOL_CONVERSION = YES;
				CLANG_WARN_COMMA = YES;
				CLANG_WARN_CONSTANT_CONVERSION = YES;
				CLANG_WARN_DEPRECATED_OBJC_IMPLEMENTATIONS = YES;
				CLANG_WARN_DIRECT_OBJC_ISA_USAGE = YES_ERROR;
				CLANG_WARN_DOCUMENTATION_COMMENTS = YES;
				CLANG_WARN_EMPTY_BODY = YES;
				CLANG_WARN_ENUM_CONVERSION = YES;
				CLANG_WARN_INFINITE_RECURSION = YES;
				CLANG_WARN_INT_CONVERSION = YES;
				CLANG_WARN_NON_LITERAL_NULL_CONVERSION = YES;
				CLANG_WARN_OBJC_IMPLICIT_RETAIN_SELF = YES;
				CLANG_WARN_OBJC_LITERAL_CONVERSION = YES;
				CLANG_WARN_OBJC_ROOT_CLASS = YES_ERROR;
				CLANG_WARN_RANGE_LOOP_ANALYSIS = YES;
				CLANG_WARN_STRICT_PROTOTYPES = YES;
				CLANG_WARN_SUSPICIOUS_MOVE = YES;
				CLANG_WARN_UNGUARDED_AVAILABILITY = YES_AGGRESSIVE;
				CLANG_WARN_UNREACHABLE_CODE = YES;
				CLANG_WARN__DUPLICATE_METHOD_MATCH = YES;
				CODE_SIGN_IDENTITY = "iPhone Developer";
				COPY_PHASE_STRIP = NO;
				DEBUG_INFORMATION_FORMAT = "dwarf-with-dsym";
				ENABLE_NS_ASSERTIONS = NO;
				ENABLE_STRICT_OBJC_MSGSEND = YES;
				GCC_C_LANGUAGE_STANDARD = gnu11;
				GCC_NO_COMMON_BLOCKS = YES;
				GCC_WARN_64_TO_32_BIT_CONVERSION = YES;
				GCC_WARN_ABOUT_RETURN_TYPE = YES_ERROR;
				GCC_WARN_UNDECLARED_SELECTOR = YES;
				GCC_WARN_UNINITIALIZED_AUTOS = YES_AGGRESSIVE;
				GCC_WARN_UNUSED_FUNCTION = YES;
				GCC_WARN_UNUSED_VARIABLE = YES;
				IPHONEOS_DEPLOYMENT_TARGET = 11.4;
				MTL_ENABLE_DEBUG_INFO = NO;
				SDKROOT = iphoneos;
				SWIFT_COMPILATION_MODE = wholemodule;
				SWIFT_OPTIMIZATION_LEVEL = "-O";
				VALIDATE_PRODUCT = YES;
			};
			name = Release;
		};
		FAEE190E21061639001F1F32 /* Debug */ = {
			isa = XCBuildConfiguration;
			buildSettings = {
				ASSETCATALOG_COMPILER_APPICON_NAME = AppIcon;
				CODE_SIGN_STYLE = Automatic;
				FRAMEWORK_SEARCH_PATHS = (
					"$(inherited)",
					"$(PROJECT_DIR)/Carthage/Build/iOS",
				);
				INFOPLIST_FILE = BioSignatures/Info.plist;
				LD_RUNPATH_SEARCH_PATHS = (
					"$(inherited)",
					"@executable_path/Frameworks",
				);
				PRODUCT_BUNDLE_IDENTIFIER = com.TeamBio.BioSignatures;
				PRODUCT_NAME = "$(TARGET_NAME)";
				SWIFT_VERSION = 4.0;
				TARGETED_DEVICE_FAMILY = "1,2";
			};
			name = Debug;
		};
		FAEE190F21061639001F1F32 /* Release */ = {
			isa = XCBuildConfiguration;
			buildSettings = {
				ASSETCATALOG_COMPILER_APPICON_NAME = AppIcon;
				CODE_SIGN_STYLE = Automatic;
				FRAMEWORK_SEARCH_PATHS = (
					"$(inherited)",
					"$(PROJECT_DIR)/Carthage/Build/iOS",
				);
				INFOPLIST_FILE = BioSignatures/Info.plist;
				LD_RUNPATH_SEARCH_PATHS = (
					"$(inherited)",
					"@executable_path/Frameworks",
				);
				PRODUCT_BUNDLE_IDENTIFIER = com.TeamBio.BioSignatures;
				PRODUCT_NAME = "$(TARGET_NAME)";
				SWIFT_VERSION = 4.0;
				TARGETED_DEVICE_FAMILY = "1,2";
			};
			name = Release;
		};
		FAEE191121061639001F1F32 /* Debug */ = {
			isa = XCBuildConfiguration;
			buildSettings = {
				ALWAYS_EMBED_SWIFT_STANDARD_LIBRARIES = YES;
				BUNDLE_LOADER = "$(TEST_HOST)";
				CODE_SIGN_STYLE = Automatic;
				INFOPLIST_FILE = BioSignaturesTests/Info.plist;
				LD_RUNPATH_SEARCH_PATHS = (
					"$(inherited)",
					"@executable_path/Frameworks",
					"@loader_path/Frameworks",
				);
				PRODUCT_BUNDLE_IDENTIFIER = com.TeamBio.BioSignaturesTests;
				PRODUCT_NAME = "$(TARGET_NAME)";
				SWIFT_VERSION = 4.0;
				TARGETED_DEVICE_FAMILY = "1,2";
				TEST_HOST = "$(BUILT_PRODUCTS_DIR)/BioSignatures.app/BioSignatures";
			};
			name = Debug;
		};
		FAEE191221061639001F1F32 /* Release */ = {
			isa = XCBuildConfiguration;
			buildSettings = {
				ALWAYS_EMBED_SWIFT_STANDARD_LIBRARIES = YES;
				BUNDLE_LOADER = "$(TEST_HOST)";
				CODE_SIGN_STYLE = Automatic;
				INFOPLIST_FILE = BioSignaturesTests/Info.plist;
				LD_RUNPATH_SEARCH_PATHS = (
					"$(inherited)",
					"@executable_path/Frameworks",
					"@loader_path/Frameworks",
				);
				PRODUCT_BUNDLE_IDENTIFIER = com.TeamBio.BioSignaturesTests;
				PRODUCT_NAME = "$(TARGET_NAME)";
				SWIFT_VERSION = 4.0;
				TARGETED_DEVICE_FAMILY = "1,2";
				TEST_HOST = "$(BUILT_PRODUCTS_DIR)/BioSignatures.app/BioSignatures";
			};
			name = Release;
		};
		FAEE191421061639001F1F32 /* Debug */ = {
			isa = XCBuildConfiguration;
			buildSettings = {
				ALWAYS_EMBED_SWIFT_STANDARD_LIBRARIES = YES;
				CODE_SIGN_STYLE = Automatic;
				INFOPLIST_FILE = BioSignaturesUITests/Info.plist;
				LD_RUNPATH_SEARCH_PATHS = (
					"$(inherited)",
					"@executable_path/Frameworks",
					"@loader_path/Frameworks",
				);
				PRODUCT_BUNDLE_IDENTIFIER = com.TeamBio.BioSignaturesUITests;
				PRODUCT_NAME = "$(TARGET_NAME)";
				SWIFT_VERSION = 4.0;
				TARGETED_DEVICE_FAMILY = "1,2";
				TEST_TARGET_NAME = BioSignatures;
			};
			name = Debug;
		};
		FAEE191521061639001F1F32 /* Release */ = {
			isa = XCBuildConfiguration;
			buildSettings = {
				ALWAYS_EMBED_SWIFT_STANDARD_LIBRARIES = YES;
				CODE_SIGN_STYLE = Automatic;
				INFOPLIST_FILE = BioSignaturesUITests/Info.plist;
				LD_RUNPATH_SEARCH_PATHS = (
					"$(inherited)",
					"@executable_path/Frameworks",
					"@loader_path/Frameworks",
				);
				PRODUCT_BUNDLE_IDENTIFIER = com.TeamBio.BioSignaturesUITests;
				PRODUCT_NAME = "$(TARGET_NAME)";
				SWIFT_VERSION = 4.0;
				TARGETED_DEVICE_FAMILY = "1,2";
				TEST_TARGET_NAME = BioSignatures;
			};
			name = Release;
		};
/* End XCBuildConfiguration section */

/* Begin XCConfigurationList section */
		FAEE18E021061636001F1F32 /* Build configuration list for PBXProject "BioSignatures" */ = {
			isa = XCConfigurationList;
			buildConfigurations = (
				FAEE190B21061639001F1F32 /* Debug */,
				FAEE190C21061639001F1F32 /* Release */,
			);
			defaultConfigurationIsVisible = 0;
			defaultConfigurationName = Release;
		};
		FAEE190D21061639001F1F32 /* Build configuration list for PBXNativeTarget "BioSignatures" */ = {
			isa = XCConfigurationList;
			buildConfigurations = (
				FAEE190E21061639001F1F32 /* Debug */,
				FAEE190F21061639001F1F32 /* Release */,
			);
			defaultConfigurationIsVisible = 0;
			defaultConfigurationName = Release;
		};
		FAEE191021061639001F1F32 /* Build configuration list for PBXNativeTarget "BioSignaturesTests" */ = {
			isa = XCConfigurationList;
			buildConfigurations = (
				FAEE191121061639001F1F32 /* Debug */,
				FAEE191221061639001F1F32 /* Release */,
			);
			defaultConfigurationIsVisible = 0;
			defaultConfigurationName = Release;
		};
		FAEE191321061639001F1F32 /* Build configuration list for PBXNativeTarget "BioSignaturesUITests" */ = {
			isa = XCConfigurationList;
			buildConfigurations = (
				FAEE191421061639001F1F32 /* Debug */,
				FAEE191521061639001F1F32 /* Release */,
			);
			defaultConfigurationIsVisible = 0;
			defaultConfigurationName = Release;
		};
/* End XCConfigurationList section */
	};
	rootObject = FAEE18DD21061636001F1F32 /* Project object */;
}
